
Microsoft Visual Studio Solution File, Format Version 12.00
# Visual Studio Version 17
VisualStudioVersion = 17.7.34202.233
MinimumVisualStudioVersion = 10.0.40219.1
Project("{FAE04EC0-301F-11D3-BF4B-00C04F79EFBC}") = "FrontEnd_LID_GAMES", "FrontEnd_LID_GAMES.csproj", "{55B2C9BE-9CDB-4379-B832-18D185D7238D}"
EndProject
Global
	GlobalSection(SolutionConfigurationPlatforms) = preSolution
		Debug|Any CPU = Debug|Any CPU
		Release|Any CPU = Release|Any CPU
	EndGlobalSection
	GlobalSection(ProjectConfigurationPlatforms) = postSolution
		{55B2C9BE-9CDB-4379-B832-18D185D7238D}.Debug|Any CPU.ActiveCfg = Debug|Any CPU
		{55B2C9BE-9CDB-4379-B832-18D185D7238D}.Debug|Any CPU.Build.0 = Debug|Any CPU
		{55B2C9BE-9CDB-4379-B832-18D185D7238D}.Debug|Any CPU.Deploy.0 = Debug|Any CPU
		{55B2C9BE-9CDB-4379-B832-18D185D7238D}.Release|Any CPU.ActiveCfg = Release|Any CPU
		{55B2C9BE-9CDB-4379-B832-18D185D7238D}.Release|Any CPU.Build.0 = Release|Any CPU
		{55B2C9BE-9CDB-4379-B832-18D185D7238D}.Release|Any CPU.Deploy.0 = Release|Any CPU
	EndGlobalSection
	GlobalSection(SolutionProperties) = preSolution
		HideSolutionNode = FALSE
	EndGlobalSection
	GlobalSection(ExtensibilityGlobals) = postSolution
		SolutionGuid = {C8AB6565-2D99-4CA6-B40A-8309F5773EBE}
	EndGlobalSection
EndGlobal
